
Microsoft Visual Studio Solution File, Format Version 12.00
# Visual Studio Version 16
VisualStudioVersion = 16.0.30611.23
MinimumVisualStudioVersion = 10.0.40219.1
Project("{9A19103F-16F7-4668-BE54-9A1E7A4F7556}") = "WebBanHang", "WebBanHang.csproj", "{383FCFBF-0649-4184-9FC7-6380A4049D3B}"
EndProject
Global
	GlobalSection(SolutionConfigurationPlatforms) = preSolution
		Debug|Any CPU = Debug|Any CPU
		Release|Any CPU = Release|Any CPU
	EndGlobalSection
	GlobalSection(ProjectConfigurationPlatforms) = postSolution
		{383FCFBF-0649-4184-9FC7-6380A4049D3B}.Debug|Any CPU.ActiveCfg = Debug|Any CPU
		{383FCFBF-0649-4184-9FC7-6380A4049D3B}.Debug|Any CPU.Build.0 = Debug|Any CPU
		{383FCFBF-0649-4184-9FC7-6380A4049D3B}.Release|Any CPU.ActiveCfg = Release|Any CPU
		{383FCFBF-0649-4184-9FC7-6380A4049D3B}.Release|Any CPU.Build.0 = Release|Any CPU
	EndGlobalSection
	GlobalSection(SolutionProperties) = preSolution
		HideSolutionNode = FALSE
	EndGlobalSection
	GlobalSection(ExtensibilityGlobals) = postSolution
		SolutionGuid = {17718431-FE38-4698-B8A8-E44D53877869}
	EndGlobalSection
EndGlobal
